
Microsoft Visual Studio Solution File, Format Version 12.00
# Visual Studio Version 16
VisualStudioVersion = 16.0.29613.14
MinimumVisualStudioVersion = 10.0.40219.1
Project("{9A19103F-16F7-4668-BE54-9A1E7A4F7556}") = "TwoOldestAges", "ConsoleApp8\TwoOldestAges.csproj", "{14E74F9D-A063-489A-B02B-198B7FF45B8B}"
EndProject
Project("{9A19103F-16F7-4668-BE54-9A1E7A4F7556}") = "Square(n) Sum", "Square(n) Sum\Square(n) Sum.csproj", "{97CB0543-CC19-4534-BA3B-C504C4432CC5}"
EndProject
Project("{9A19103F-16F7-4668-BE54-9A1E7A4F7556}") = "No oddities here", "No oddities here\No oddities here.csproj", "{04938334-57B8-4FB8-9654-D2FEC4F65B21}"
EndProject
Project("{9A19103F-16F7-4668-BE54-9A1E7A4F7556}") = "Sum of Minimums!", "Sum of Minimums!\Sum of Minimums!.csproj", "{8A4F3543-9A8E-4638-8017-EAD2F23D4AC6}"
EndProject
Project("{9A19103F-16F7-4668-BE54-9A1E7A4F7556}") = "Find the first non-consecutive number", "Find the first non-consecutive number\Find the first non-consecutive number.csproj", "{110ABAAC-1D63-48DA-8EF6-F5682B8F78A4}"
EndProject
Project("{9A19103F-16F7-4668-BE54-9A1E7A4F7556}") = "How good are you really", "How good are you really\How good are you really.csproj", "{BC98CF60-06DA-4305-AB54-4425BE36E8BC}"
EndProject
Project("{9A19103F-16F7-4668-BE54-9A1E7A4F7556}") = "UFC", "UFC\UFC.csproj", "{9FE7F47A-6C28-4945-B707-28507FDC69D6}"
EndProject
Project("{9A19103F-16F7-4668-BE54-9A1E7A4F7556}") = "Convert number to reversed array of digits", "Convert number to reversed array of digits\Convert number to reversed array of digits.csproj", "{3C4E5E89-3AFE-4C4B-B1A6-49049AC804F4}"
EndProject
Project("{9A19103F-16F7-4668-BE54-9A1E7A4F7556}") = "Count the Monkeys!", "Count the Monkeys!\Count the Monkeys!.csproj", "{AB68A64D-865E-418A-93CF-DC727FC6179C}"
EndProject
Project("{FAE04EC0-301F-11D3-BF4B-00C04F79EFBC}") = "List Filtering", "List Filtering\List Filtering.csproj", "{5018BB27-F648-4754-AAA1-7E23D08409BA}"
EndProject
Global
	GlobalSection(SolutionConfigurationPlatforms) = preSolution
		Debug|Any CPU = Debug|Any CPU
		Release|Any CPU = Release|Any CPU
	EndGlobalSection
	GlobalSection(ProjectConfigurationPlatforms) = postSolution
		{14E74F9D-A063-489A-B02B-198B7FF45B8B}.Debug|Any CPU.ActiveCfg = Debug|Any CPU
		{14E74F9D-A063-489A-B02B-198B7FF45B8B}.Debug|Any CPU.Build.0 = Debug|Any CPU
		{14E74F9D-A063-489A-B02B-198B7FF45B8B}.Release|Any CPU.ActiveCfg = Release|Any CPU
		{14E74F9D-A063-489A-B02B-198B7FF45B8B}.Release|Any CPU.Build.0 = Release|Any CPU
		{97CB0543-CC19-4534-BA3B-C504C4432CC5}.Debug|Any CPU.ActiveCfg = Debug|Any CPU
		{97CB0543-CC19-4534-BA3B-C504C4432CC5}.Debug|Any CPU.Build.0 = Debug|Any CPU
		{97CB0543-CC19-4534-BA3B-C504C4432CC5}.Release|Any CPU.ActiveCfg = Release|Any CPU
		{97CB0543-CC19-4534-BA3B-C504C4432CC5}.Release|Any CPU.Build.0 = Release|Any CPU
		{04938334-57B8-4FB8-9654-D2FEC4F65B21}.Debug|Any CPU.ActiveCfg = Debug|Any CPU
		{04938334-57B8-4FB8-9654-D2FEC4F65B21}.Debug|Any CPU.Build.0 = Debug|Any CPU
		{04938334-57B8-4FB8-9654-D2FEC4F65B21}.Release|Any CPU.ActiveCfg = Release|Any CPU
		{04938334-57B8-4FB8-9654-D2FEC4F65B21}.Release|Any CPU.Build.0 = Release|Any CPU
		{8A4F3543-9A8E-4638-8017-EAD2F23D4AC6}.Debug|Any CPU.ActiveCfg = Debug|Any CPU
		{8A4F3543-9A8E-4638-8017-EAD2F23D4AC6}.Debug|Any CPU.Build.0 = Debug|Any CPU
		{8A4F3543-9A8E-4638-8017-EAD2F23D4AC6}.Release|Any CPU.ActiveCfg = Release|Any CPU
		{8A4F3543-9A8E-4638-8017-EAD2F23D4AC6}.Release|Any CPU.Build.0 = Release|Any CPU
		{110ABAAC-1D63-48DA-8EF6-F5682B8F78A4}.Debug|Any CPU.ActiveCfg = Debug|Any CPU
		{110ABAAC-1D63-48DA-8EF6-F5682B8F78A4}.Debug|Any CPU.Build.0 = Debug|Any CPU
		{110ABAAC-1D63-48DA-8EF6-F5682B8F78A4}.Release|Any CPU.ActiveCfg = Release|Any CPU
		{110ABAAC-1D63-48DA-8EF6-F5682B8F78A4}.Release|Any CPU.Build.0 = Release|Any CPU
		{BC98CF60-06DA-4305-AB54-4425BE36E8BC}.Debug|Any CPU.ActiveCfg = Debug|Any CPU
		{BC98CF60-06DA-4305-AB54-4425BE36E8BC}.Debug|Any CPU.Build.0 = Debug|Any CPU
		{BC98CF60-06DA-4305-AB54-4425BE36E8BC}.Release|Any CPU.ActiveCfg = Release|Any CPU
		{BC98CF60-06DA-4305-AB54-4425BE36E8BC}.Release|Any CPU.Build.0 = Release|Any CPU
		{9FE7F47A-6C28-4945-B707-28507FDC69D6}.Debug|Any CPU.ActiveCfg = Debug|Any CPU
		{9FE7F47A-6C28-4945-B707-28507FDC69D6}.Debug|Any CPU.Build.0 = Debug|Any CPU
		{9FE7F47A-6C28-4945-B707-28507FDC69D6}.Release|Any CPU.ActiveCfg = Release|Any CPU
		{9FE7F47A-6C28-4945-B707-28507FDC69D6}.Release|Any CPU.Build.0 = Release|Any CPU
		{3C4E5E89-3AFE-4C4B-B1A6-49049AC804F4}.Debug|Any CPU.ActiveCfg = Debug|Any CPU
		{3C4E5E89-3AFE-4C4B-B1A6-49049AC804F4}.Debug|Any CPU.Build.0 = Debug|Any CPU
		{3C4E5E89-3AFE-4C4B-B1A6-49049AC804F4}.Release|Any CPU.ActiveCfg = Release|Any CPU
		{3C4E5E89-3AFE-4C4B-B1A6-49049AC804F4}.Release|Any CPU.Build.0 = Release|Any CPU
		{AB68A64D-865E-418A-93CF-DC727FC6179C}.Debug|Any CPU.ActiveCfg = Debug|Any CPU
		{AB68A64D-865E-418A-93CF-DC727FC6179C}.Debug|Any CPU.Build.0 = Debug|Any CPU
		{AB68A64D-865E-418A-93CF-DC727FC6179C}.Release|Any CPU.ActiveCfg = Release|Any CPU
		{AB68A64D-865E-418A-93CF-DC727FC6179C}.Release|Any CPU.Build.0 = Release|Any CPU
		{5018BB27-F648-4754-AAA1-7E23D08409BA}.Debug|Any CPU.ActiveCfg = Debug|Any CPU
		{5018BB27-F648-4754-AAA1-7E23D08409BA}.Debug|Any CPU.Build.0 = Debug|Any CPU
		{5018BB27-F648-4754-AAA1-7E23D08409BA}.Release|Any CPU.ActiveCfg = Release|Any CPU
		{5018BB27-F648-4754-AAA1-7E23D08409BA}.Release|Any CPU.Build.0 = Release|Any CPU
	EndGlobalSection
	GlobalSection(SolutionProperties) = preSolution
		HideSolutionNode = FALSE
	EndGlobalSection
	GlobalSection(ExtensibilityGlobals) = postSolution
		SolutionGuid = {A9D3B9AE-6052-435E-9051-71F26DA9036E}
	EndGlobalSection
EndGlobal
